
Microsoft Visual Studio Solution File, Format Version 12.00
# Visual Studio 15
VisualStudioVersion = 15.0.27703.2018
MinimumVisualStudioVersion = 10.0.40219.1
Project("{8BC9CEB8-8B4A-11D0-8D11-00A0C91BC942}") = "visionChecksum", "visionChecksum.vcxproj", "{C676EEDE-364C-45F9-949E-DFB1EEC2348F}"
EndProject
Global
	GlobalSection(SolutionConfigurationPlatforms) = preSolution
		Debug|x64 = Debug|x64
		Debug|x86 = Debug|x86
		Release|x64 = Release|x64
		Release|x86 = Release|x86
	EndGlobalSection
	GlobalSection(ProjectConfigurationPlatforms) = postSolution
		{C676EEDE-364C-45F9-949E-DFB1EEC2348F}.Debug|x64.ActiveCfg = Debug|x64
		{C676EEDE-364C-45F9-949E-DFB1EEC2348F}.Debug|x64.Build.0 = Debug|x64
		{C676EEDE-364C-45F9-949E-DFB1EEC2348F}.Debug|x86.ActiveCfg = Debug|Win32
		{C676EEDE-364C-45F9-949E-DFB1EEC2348F}.Debug|x86.Build.0 = Debug|Win32
		{C676EEDE-364C-45F9-949E-DFB1EEC2348F}.Release|x64.ActiveCfg = Release|x64
		{C676EEDE-364C-45F9-949E-DFB1EEC2348F}.Release|x64.Build.0 = Release|x64
		{C676EEDE-364C-45F9-949E-DFB1EEC2348F}.Release|x86.ActiveCfg = Release|Win32
		{C676EEDE-364C-45F9-949E-DFB1EEC2348F}.Release|x86.Build.0 = Release|Win32
	EndGlobalSection
	GlobalSection(SolutionProperties) = preSolution
		HideSolutionNode = FALSE
	EndGlobalSection
	GlobalSection(ExtensibilityGlobals) = postSolution
		SolutionGuid = {EFA1C653-B97F-490E-9F18-45F4570FE36C}
	EndGlobalSection
EndGlobal
